
Microsoft Visual Studio Solution File, Format Version 12.00
# Visual Studio Version 16
VisualStudioVersion = 16.0.29728.190
MinimumVisualStudioVersion = 10.0.40219.1
Project("{8BC9CEB8-8B4A-11D0-8D11-00A0C91BC942}") = "Capitals DZ", "Capitals DZ\Capitals DZ.vcxproj", "{2FC74782-BDC1-402F-B25F-030040C2D63C}"
EndProject
Global
	GlobalSection(SolutionConfigurationPlatforms) = preSolution
		Debug|x64 = Debug|x64
		Debug|x86 = Debug|x86
		Release|x64 = Release|x64
		Release|x86 = Release|x86
	EndGlobalSection
	GlobalSection(ProjectConfigurationPlatforms) = postSolution
		{2FC74782-BDC1-402F-B25F-030040C2D63C}.Debug|x64.ActiveCfg = Debug|x64
		{2FC74782-BDC1-402F-B25F-030040C2D63C}.Debug|x64.Build.0 = Debug|x64
		{2FC74782-BDC1-402F-B25F-030040C2D63C}.Debug|x86.ActiveCfg = Debug|Win32
		{2FC74782-BDC1-402F-B25F-030040C2D63C}.Debug|x86.Build.0 = Debug|Win32
		{2FC74782-BDC1-402F-B25F-030040C2D63C}.Release|x64.ActiveCfg = Release|x64
		{2FC74782-BDC1-402F-B25F-030040C2D63C}.Release|x64.Build.0 = Release|x64
		{2FC74782-BDC1-402F-B25F-030040C2D63C}.Release|x86.ActiveCfg = Release|Win32
		{2FC74782-BDC1-402F-B25F-030040C2D63C}.Release|x86.Build.0 = Release|Win32
	EndGlobalSection
	GlobalSection(SolutionProperties) = preSolution
		HideSolutionNode = FALSE
	EndGlobalSection
	GlobalSection(ExtensibilityGlobals) = postSolution
		SolutionGuid = {EC44DC3E-F318-4274-AA9C-680F1A9D4A56}
	EndGlobalSection
EndGlobal
